
Microsoft Visual Studio Solution File, Format Version 12.00
Project("{FAE04EC0-301F-11D3-BF4B-00C04F79EFBC}") = "BlazeNet", "BlazeNet\BlazeNet.csproj", "{44F66BF9-B5F4-4737-8C16-FEF8437CC23D}"
EndProject
Project("{FAE04EC0-301F-11D3-BF4B-00C04F79EFBC}") = "BlazeNet.Networking", "BlazeNet.Networking\BlazeNet.Networking.csproj", "{AF0CCDCC-F136-4043-A0BB-49A209AE11C9}"
EndProject
Project("{FAE04EC0-301F-11D3-BF4B-00C04F79EFBC}") = "BlazeNet.Http", "BlazeNet.Http\BlazeNet.Http.csproj", "{0DD93C76-8A41-46B9-959C-8E3BC9954249}"
EndProject
Project("{FAE04EC0-301F-11D3-BF4B-00C04F79EFBC}") = "BlazeNet.Middleware", "BlazeNet.Middleware\BlazeNet.Middleware.csproj", "{A9FFAEAA-78CD-43E8-A29D-7E9BCF38DCD6}"
EndProject
Global
	GlobalSection(SolutionConfigurationPlatforms) = preSolution
		Debug|Any CPU = Debug|Any CPU
		Release|Any CPU = Release|Any CPU
	EndGlobalSection
	GlobalSection(ProjectConfigurationPlatforms) = postSolution
		{44F66BF9-B5F4-4737-8C16-FEF8437CC23D}.Debug|Any CPU.ActiveCfg = Debug|Any CPU
		{44F66BF9-B5F4-4737-8C16-FEF8437CC23D}.Debug|Any CPU.Build.0 = Debug|Any CPU
		{44F66BF9-B5F4-4737-8C16-FEF8437CC23D}.Release|Any CPU.ActiveCfg = Release|Any CPU
		{44F66BF9-B5F4-4737-8C16-FEF8437CC23D}.Release|Any CPU.Build.0 = Release|Any CPU
		{AF0CCDCC-F136-4043-A0BB-49A209AE11C9}.Debug|Any CPU.ActiveCfg = Debug|Any CPU
		{AF0CCDCC-F136-4043-A0BB-49A209AE11C9}.Debug|Any CPU.Build.0 = Debug|Any CPU
		{AF0CCDCC-F136-4043-A0BB-49A209AE11C9}.Release|Any CPU.ActiveCfg = Release|Any CPU
		{AF0CCDCC-F136-4043-A0BB-49A209AE11C9}.Release|Any CPU.Build.0 = Release|Any CPU
		{0DD93C76-8A41-46B9-959C-8E3BC9954249}.Debug|Any CPU.ActiveCfg = Debug|Any CPU
		{0DD93C76-8A41-46B9-959C-8E3BC9954249}.Debug|Any CPU.Build.0 = Debug|Any CPU
		{0DD93C76-8A41-46B9-959C-8E3BC9954249}.Release|Any CPU.ActiveCfg = Release|Any CPU
		{0DD93C76-8A41-46B9-959C-8E3BC9954249}.Release|Any CPU.Build.0 = Release|Any CPU
		{A9FFAEAA-78CD-43E8-A29D-7E9BCF38DCD6}.Debug|Any CPU.ActiveCfg = Debug|Any CPU
		{A9FFAEAA-78CD-43E8-A29D-7E9BCF38DCD6}.Debug|Any CPU.Build.0 = Debug|Any CPU
		{A9FFAEAA-78CD-43E8-A29D-7E9BCF38DCD6}.Release|Any CPU.ActiveCfg = Release|Any CPU
		{A9FFAEAA-78CD-43E8-A29D-7E9BCF38DCD6}.Release|Any CPU.Build.0 = Release|Any CPU
	EndGlobalSection
EndGlobal
